
Microsoft Visual Studio Solution File, Format Version 12.00
# Visual Studio Version 17
VisualStudioVersion = 17.2.32516.85
MinimumVisualStudioVersion = 10.0.40219.1
Project("{8BC9CEB8-8B4A-11D0-8D11-00A0C91BC942}") = "zb001", "zb001\zb001.vcxproj", "{1EFCD385-561D-4E8C-A62C-CD91B99E5CAD}"
EndProject
Global
	GlobalSection(SolutionConfigurationPlatforms) = preSolution
		Debug|x64 = Debug|x64
		Debug|x86 = Debug|x86
		Release|x64 = Release|x64
		Release|x86 = Release|x86
	EndGlobalSection
	GlobalSection(ProjectConfigurationPlatforms) = postSolution
		{1EFCD385-561D-4E8C-A62C-CD91B99E5CAD}.Debug|x64.ActiveCfg = Debug|x64
		{1EFCD385-561D-4E8C-A62C-CD91B99E5CAD}.Debug|x64.Build.0 = Debug|x64
		{1EFCD385-561D-4E8C-A62C-CD91B99E5CAD}.Debug|x86.ActiveCfg = Debug|Win32
		{1EFCD385-561D-4E8C-A62C-CD91B99E5CAD}.Debug|x86.Build.0 = Debug|Win32
		{1EFCD385-561D-4E8C-A62C-CD91B99E5CAD}.Release|x64.ActiveCfg = Release|x64
		{1EFCD385-561D-4E8C-A62C-CD91B99E5CAD}.Release|x64.Build.0 = Release|x64
		{1EFCD385-561D-4E8C-A62C-CD91B99E5CAD}.Release|x86.ActiveCfg = Release|Win32
		{1EFCD385-561D-4E8C-A62C-CD91B99E5CAD}.Release|x86.Build.0 = Release|Win32
	EndGlobalSection
	GlobalSection(SolutionProperties) = preSolution
		HideSolutionNode = FALSE
	EndGlobalSection
	GlobalSection(ExtensibilityGlobals) = postSolution
		SolutionGuid = {AC6F131D-74E8-4BC8-A7FE-6478EC282965}
	EndGlobalSection
EndGlobal
